
Microsoft Visual Studio Solution File, Format Version 12.00
# Visual Studio 15
VisualStudioVersion = 15.0.27703.2000
MinimumVisualStudioVersion = 10.0.40219.1
Project("{8BC9CEB8-8B4A-11D0-8D11-00A0C91BC942}") = "bioinf_4", "bioinf_4\bioinf_4.vcxproj", "{58C636D8-EDBE-4B03-BDBE-BF43E6674EDE}"
EndProject
Project("{8BC9CEB8-8B4A-11D0-8D11-00A0C91BC942}") = "bioinf_4_2", "bioinf_4_2\bioinf_4_2.vcxproj", "{EE92A38E-5646-427B-A5F7-1851CE77E633}"
EndProject
Global
	GlobalSection(SolutionConfigurationPlatforms) = preSolution
		Debug|x64 = Debug|x64
		Debug|x86 = Debug|x86
		Release|x64 = Release|x64
		Release|x86 = Release|x86
	EndGlobalSection
	GlobalSection(ProjectConfigurationPlatforms) = postSolution
		{58C636D8-EDBE-4B03-BDBE-BF43E6674EDE}.Debug|x64.ActiveCfg = Debug|x64
		{58C636D8-EDBE-4B03-BDBE-BF43E6674EDE}.Debug|x64.Build.0 = Debug|x64
		{58C636D8-EDBE-4B03-BDBE-BF43E6674EDE}.Debug|x86.ActiveCfg = Debug|Win32
		{58C636D8-EDBE-4B03-BDBE-BF43E6674EDE}.Debug|x86.Build.0 = Debug|Win32
		{58C636D8-EDBE-4B03-BDBE-BF43E6674EDE}.Release|x64.ActiveCfg = Release|x64
		{58C636D8-EDBE-4B03-BDBE-BF43E6674EDE}.Release|x64.Build.0 = Release|x64
		{58C636D8-EDBE-4B03-BDBE-BF43E6674EDE}.Release|x86.ActiveCfg = Release|Win32
		{58C636D8-EDBE-4B03-BDBE-BF43E6674EDE}.Release|x86.Build.0 = Release|Win32
		{EE92A38E-5646-427B-A5F7-1851CE77E633}.Debug|x64.ActiveCfg = Debug|x64
		{EE92A38E-5646-427B-A5F7-1851CE77E633}.Debug|x64.Build.0 = Debug|x64
		{EE92A38E-5646-427B-A5F7-1851CE77E633}.Debug|x86.ActiveCfg = Debug|Win32
		{EE92A38E-5646-427B-A5F7-1851CE77E633}.Debug|x86.Build.0 = Debug|Win32
		{EE92A38E-5646-427B-A5F7-1851CE77E633}.Release|x64.ActiveCfg = Release|x64
		{EE92A38E-5646-427B-A5F7-1851CE77E633}.Release|x64.Build.0 = Release|x64
		{EE92A38E-5646-427B-A5F7-1851CE77E633}.Release|x86.ActiveCfg = Release|Win32
		{EE92A38E-5646-427B-A5F7-1851CE77E633}.Release|x86.Build.0 = Release|Win32
	EndGlobalSection
	GlobalSection(SolutionProperties) = preSolution
		HideSolutionNode = FALSE
	EndGlobalSection
	GlobalSection(ExtensibilityGlobals) = postSolution
		SolutionGuid = {76811C50-326E-4AD2-A56F-54EA7750A860}
	EndGlobalSection
EndGlobal
